
Microsoft Visual Studio Solution File, Format Version 12.00
# Visual Studio Version 16
VisualStudioVersion = 16.0.29613.14
MinimumVisualStudioVersion = 10.0.40219.1
Project("{8BC9CEB8-8B4A-11D0-8D11-00A0C91BC942}") = "vdl", "Project\Engine\vdl\vdl.vcxproj", "{1E5C018D-53C0-4937-A2C7-6C50D7454B33}"
	ProjectSection(ProjectDependencies) = postProject
		{1AAADB3B-E353-4754-905D-2F9E7E52EDCC} = {1AAADB3B-E353-4754-905D-2F9E7E52EDCC}
		{3B070C61-8FE8-497D-8D72-5568849B2437} = {3B070C61-8FE8-497D-8D72-5568849B2437}
		{C6943C66-0016-4141-9F66-D358272F27BF} = {C6943C66-0016-4141-9F66-D358272F27BF}
		{AD898D82-BD6A-4B90-8081-F1F3188AA982} = {AD898D82-BD6A-4B90-8081-F1F3188AA982}
		{EC72BB92-53EC-4EB9-905E-78FD5B99F8FE} = {EC72BB92-53EC-4EB9-905E-78FD5B99F8FE}
		{880DE39B-FEA1-48FA-8CDE-ACABEC835ED6} = {880DE39B-FEA1-48FA-8CDE-ACABEC835ED6}
		{1981389C-4F24-4E9E-AA06-DE53233EC0B1} = {1981389C-4F24-4E9E-AA06-DE53233EC0B1}
		{4674F1B4-C552-4A2B-8741-4E3207D85740} = {4674F1B4-C552-4A2B-8741-4E3207D85740}
		{699D58FC-D78C-487E-8AE7-48AD166A4F88} = {699D58FC-D78C-487E-8AE7-48AD166A4F88}
	EndProjectSection
EndProject
Project("{2150E333-8FDC-42A3-9474-1A3956D46DE8}") = "Engine", "Engine", "{8CF852BB-C709-49A1-8786-39F74D44EEFF}"
EndProject
Project("{2150E333-8FDC-42A3-9474-1A3956D46DE8}") = "ThirdParty", "ThirdParty", "{9B29D213-D8C0-443B-9FCD-34CA05FD2CEA}"
EndProject
Project("{8BC9CEB8-8B4A-11D0-8D11-00A0C91BC942}") = "vdlForDirectX11", "Project\Engine\vdlForDirectX11\vdlForDirectX11.vcxproj", "{C6943C66-0016-4141-9F66-D358272F27BF}"
EndProject
Project("{8BC9CEB8-8B4A-11D0-8D11-00A0C91BC942}") = "vdlForDirectX12", "Project\Engine\vdlForDirectX12\vdlForDirectX12.vcxproj", "{3B070C61-8FE8-497D-8D72-5568849B2437}"
EndProject
Project("{8BC9CEB8-8B4A-11D0-8D11-00A0C91BC942}") = "vdlForVulkan", "Project\Engine\vdlForVulkan\vdlForVulkan.vcxproj", "{EC72BB92-53EC-4EB9-905E-78FD5B99F8FE}"
	ProjectSection(ProjectDependencies) = postProject
		{1981389C-4F24-4E9E-AA06-DE53233EC0B1} = {1981389C-4F24-4E9E-AA06-DE53233EC0B1}
	EndProjectSection
EndProject
Project("{8BC9CEB8-8B4A-11D0-8D11-00A0C91BC942}") = "vdlForWindows", "Project\Engine\vdlForWindows\vdlForWindows.vcxproj", "{4674F1B4-C552-4A2B-8741-4E3207D85740}"
EndProject
Project("{8BC9CEB8-8B4A-11D0-8D11-00A0C91BC942}") = "glslang", "Project\ThirdParty\glslang\glslang.vcxproj", "{1981389C-4F24-4E9E-AA06-DE53233EC0B1}"
EndProject
Project("{8BC9CEB8-8B4A-11D0-8D11-00A0C91BC942}") = "ImGui", "Project\ThirdParty\ImGui\ImGui.vcxproj", "{AD898D82-BD6A-4B90-8081-F1F3188AA982}"
EndProject
Project("{8BC9CEB8-8B4A-11D0-8D11-00A0C91BC942}") = "meshoptimizer", "Project\ThirdParty\meshoptimizer\meshoptimizer.vcxproj", "{1AAADB3B-E353-4754-905D-2F9E7E52EDCC}"
EndProject
Project("{8BC9CEB8-8B4A-11D0-8D11-00A0C91BC942}") = "zstd", "Project\ThirdParty\zstd\zstd.vcxproj", "{880DE39B-FEA1-48FA-8CDE-ACABEC835ED6}"
EndProject
Project("{8BC9CEB8-8B4A-11D0-8D11-00A0C91BC942}") = "vdlTestForWindows", "..\vdlTest\vdlTestForWindows.vcxproj", "{AE1B2E42-9899-4CF8-9130-7508C3AD97C5}"
	ProjectSection(ProjectDependencies) = postProject
		{3B070C61-8FE8-497D-8D72-5568849B2437} = {3B070C61-8FE8-497D-8D72-5568849B2437}
		{C6943C66-0016-4141-9F66-D358272F27BF} = {C6943C66-0016-4141-9F66-D358272F27BF}
		{1E5C018D-53C0-4937-A2C7-6C50D7454B33} = {1E5C018D-53C0-4937-A2C7-6C50D7454B33}
		{EC72BB92-53EC-4EB9-905E-78FD5B99F8FE} = {EC72BB92-53EC-4EB9-905E-78FD5B99F8FE}
		{4674F1B4-C552-4A2B-8741-4E3207D85740} = {4674F1B4-C552-4A2B-8741-4E3207D85740}
	EndProjectSection
EndProject
Project("{8BC9CEB8-8B4A-11D0-8D11-00A0C91BC942}") = "OpenFBX", "Project\ThirdParty\OpenFBX\OpenFBX.vcxproj", "{699D58FC-D78C-487E-8AE7-48AD166A4F88}"
EndProject
Global
	GlobalSection(SolutionConfigurationPlatforms) = preSolution
		Debug|x64 = Debug|x64
		DirectX11OnWindows_Debug|x64 = DirectX11OnWindows_Debug|x64
		DirectX11OnWindows_Release|x64 = DirectX11OnWindows_Release|x64
		DirectX12OnWindows_Debug|x64 = DirectX12OnWindows_Debug|x64
		DirectX12OnWindows_Release|x64 = DirectX12OnWindows_Release|x64
		Release|x64 = Release|x64
		VulkanOnWindows_Debug|x64 = VulkanOnWindows_Debug|x64
		VulkanOnWindows_Release|x64 = VulkanOnWindows_Release|x64
	EndGlobalSection
	GlobalSection(ProjectConfigurationPlatforms) = postSolution
		{1E5C018D-53C0-4937-A2C7-6C50D7454B33}.Debug|x64.ActiveCfg = Debug|x64
		{1E5C018D-53C0-4937-A2C7-6C50D7454B33}.DirectX11OnWindows_Debug|x64.ActiveCfg = DirectX11OnWindows_Debug|x64
		{1E5C018D-53C0-4937-A2C7-6C50D7454B33}.DirectX11OnWindows_Debug|x64.Build.0 = DirectX11OnWindows_Debug|x64
		{1E5C018D-53C0-4937-A2C7-6C50D7454B33}.DirectX11OnWindows_Release|x64.ActiveCfg = DirectX11OnWindows_Release|x64
		{1E5C018D-53C0-4937-A2C7-6C50D7454B33}.DirectX11OnWindows_Release|x64.Build.0 = DirectX11OnWindows_Release|x64
		{1E5C018D-53C0-4937-A2C7-6C50D7454B33}.DirectX12OnWindows_Debug|x64.ActiveCfg = DirectX12OnWindows_Debug|x64
		{1E5C018D-53C0-4937-A2C7-6C50D7454B33}.DirectX12OnWindows_Debug|x64.Build.0 = DirectX12OnWindows_Debug|x64
		{1E5C018D-53C0-4937-A2C7-6C50D7454B33}.DirectX12OnWindows_Release|x64.ActiveCfg = DirectX12OnWindows_Release|x64
		{1E5C018D-53C0-4937-A2C7-6C50D7454B33}.DirectX12OnWindows_Release|x64.Build.0 = DirectX12OnWindows_Release|x64
		{1E5C018D-53C0-4937-A2C7-6C50D7454B33}.Release|x64.ActiveCfg = Release|x64
		{1E5C018D-53C0-4937-A2C7-6C50D7454B33}.VulkanOnWindows_Debug|x64.ActiveCfg = VulkanOnWindows_Debug|x64
		{1E5C018D-53C0-4937-A2C7-6C50D7454B33}.VulkanOnWindows_Debug|x64.Build.0 = VulkanOnWindows_Debug|x64
		{1E5C018D-53C0-4937-A2C7-6C50D7454B33}.VulkanOnWindows_Release|x64.ActiveCfg = VulkanOnWindows_Release|x64
		{1E5C018D-53C0-4937-A2C7-6C50D7454B33}.VulkanOnWindows_Release|x64.Build.0 = VulkanOnWindows_Release|x64
		{C6943C66-0016-4141-9F66-D358272F27BF}.Debug|x64.ActiveCfg = Debug|x64
		{C6943C66-0016-4141-9F66-D358272F27BF}.DirectX11OnWindows_Debug|x64.ActiveCfg = Debug|x64
		{C6943C66-0016-4141-9F66-D358272F27BF}.DirectX11OnWindows_Debug|x64.Build.0 = Debug|x64
		{C6943C66-0016-4141-9F66-D358272F27BF}.DirectX11OnWindows_Release|x64.ActiveCfg = Release|x64
		{C6943C66-0016-4141-9F66-D358272F27BF}.DirectX11OnWindows_Release|x64.Build.0 = Release|x64
		{C6943C66-0016-4141-9F66-D358272F27BF}.DirectX12OnWindows_Debug|x64.ActiveCfg = Debug|x64
		{C6943C66-0016-4141-9F66-D358272F27BF}.DirectX12OnWindows_Release|x64.ActiveCfg = Release|x64
		{C6943C66-0016-4141-9F66-D358272F27BF}.Release|x64.ActiveCfg = Release|x64
		{C6943C66-0016-4141-9F66-D358272F27BF}.VulkanOnWindows_Debug|x64.ActiveCfg = Debug|x64
		{C6943C66-0016-4141-9F66-D358272F27BF}.VulkanOnWindows_Release|x64.ActiveCfg = Release|x64
		{3B070C61-8FE8-497D-8D72-5568849B2437}.Debug|x64.ActiveCfg = Debug|x64
		{3B070C61-8FE8-497D-8D72-5568849B2437}.DirectX11OnWindows_Debug|x64.ActiveCfg = Debug|x64
		{3B070C61-8FE8-497D-8D72-5568849B2437}.DirectX11OnWindows_Release|x64.ActiveCfg = Release|x64
		{3B070C61-8FE8-497D-8D72-5568849B2437}.DirectX12OnWindows_Debug|x64.ActiveCfg = Debug|x64
		{3B070C61-8FE8-497D-8D72-5568849B2437}.DirectX12OnWindows_Debug|x64.Build.0 = Debug|x64
		{3B070C61-8FE8-497D-8D72-5568849B2437}.DirectX12OnWindows_Release|x64.ActiveCfg = Release|x64
		{3B070C61-8FE8-497D-8D72-5568849B2437}.DirectX12OnWindows_Release|x64.Build.0 = Release|x64
		{3B070C61-8FE8-497D-8D72-5568849B2437}.Release|x64.ActiveCfg = Release|x64
		{3B070C61-8FE8-497D-8D72-5568849B2437}.VulkanOnWindows_Debug|x64.ActiveCfg = Debug|x64
		{3B070C61-8FE8-497D-8D72-5568849B2437}.VulkanOnWindows_Release|x64.ActiveCfg = Release|x64
		{EC72BB92-53EC-4EB9-905E-78FD5B99F8FE}.Debug|x64.ActiveCfg = Debug|x64
		{EC72BB92-53EC-4EB9-905E-78FD5B99F8FE}.DirectX11OnWindows_Debug|x64.ActiveCfg = Debug|x64
		{EC72BB92-53EC-4EB9-905E-78FD5B99F8FE}.DirectX11OnWindows_Release|x64.ActiveCfg = Release|x64
		{EC72BB92-53EC-4EB9-905E-78FD5B99F8FE}.DirectX12OnWindows_Debug|x64.ActiveCfg = Debug|x64
		{EC72BB92-53EC-4EB9-905E-78FD5B99F8FE}.DirectX12OnWindows_Release|x64.ActiveCfg = Release|x64
		{EC72BB92-53EC-4EB9-905E-78FD5B99F8FE}.Release|x64.ActiveCfg = Release|x64
		{EC72BB92-53EC-4EB9-905E-78FD5B99F8FE}.VulkanOnWindows_Debug|x64.ActiveCfg = Debug|x64
		{EC72BB92-53EC-4EB9-905E-78FD5B99F8FE}.VulkanOnWindows_Debug|x64.Build.0 = Debug|x64
		{EC72BB92-53EC-4EB9-905E-78FD5B99F8FE}.VulkanOnWindows_Release|x64.ActiveCfg = Release|x64
		{EC72BB92-53EC-4EB9-905E-78FD5B99F8FE}.VulkanOnWindows_Release|x64.Build.0 = Release|x64
		{4674F1B4-C552-4A2B-8741-4E3207D85740}.Debug|x64.ActiveCfg = Debug|x64
		{4674F1B4-C552-4A2B-8741-4E3207D85740}.DirectX11OnWindows_Debug|x64.ActiveCfg = Debug|x64
		{4674F1B4-C552-4A2B-8741-4E3207D85740}.DirectX11OnWindows_Debug|x64.Build.0 = Debug|x64
		{4674F1B4-C552-4A2B-8741-4E3207D85740}.DirectX11OnWindows_Release|x64.ActiveCfg = Release|x64
		{4674F1B4-C552-4A2B-8741-4E3207D85740}.DirectX11OnWindows_Release|x64.Build.0 = Release|x64
		{4674F1B4-C552-4A2B-8741-4E3207D85740}.DirectX12OnWindows_Debug|x64.ActiveCfg = Debug|x64
		{4674F1B4-C552-4A2B-8741-4E3207D85740}.DirectX12OnWindows_Debug|x64.Build.0 = Debug|x64
		{4674F1B4-C552-4A2B-8741-4E3207D85740}.DirectX12OnWindows_Release|x64.ActiveCfg = Release|x64
		{4674F1B4-C552-4A2B-8741-4E3207D85740}.DirectX12OnWindows_Release|x64.Build.0 = Release|x64
		{4674F1B4-C552-4A2B-8741-4E3207D85740}.Release|x64.ActiveCfg = Release|x64
		{4674F1B4-C552-4A2B-8741-4E3207D85740}.VulkanOnWindows_Debug|x64.ActiveCfg = Debug|x64
		{4674F1B4-C552-4A2B-8741-4E3207D85740}.VulkanOnWindows_Debug|x64.Build.0 = Debug|x64
		{4674F1B4-C552-4A2B-8741-4E3207D85740}.VulkanOnWindows_Release|x64.ActiveCfg = Release|x64
		{4674F1B4-C552-4A2B-8741-4E3207D85740}.VulkanOnWindows_Release|x64.Build.0 = Release|x64
		{1981389C-4F24-4E9E-AA06-DE53233EC0B1}.Debug|x64.ActiveCfg = Debug|x64
		{1981389C-4F24-4E9E-AA06-DE53233EC0B1}.DirectX11OnWindows_Debug|x64.ActiveCfg = Debug|x64
		{1981389C-4F24-4E9E-AA06-DE53233EC0B1}.DirectX11OnWindows_Release|x64.ActiveCfg = Release|x64
		{1981389C-4F24-4E9E-AA06-DE53233EC0B1}.DirectX12OnWindows_Debug|x64.ActiveCfg = Debug|x64
		{1981389C-4F24-4E9E-AA06-DE53233EC0B1}.DirectX12OnWindows_Release|x64.ActiveCfg = Release|x64
		{1981389C-4F24-4E9E-AA06-DE53233EC0B1}.Release|x64.ActiveCfg = Release|x64
		{1981389C-4F24-4E9E-AA06-DE53233EC0B1}.VulkanOnWindows_Debug|x64.ActiveCfg = Debug|x64
		{1981389C-4F24-4E9E-AA06-DE53233EC0B1}.VulkanOnWindows_Debug|x64.Build.0 = Debug|x64
		{1981389C-4F24-4E9E-AA06-DE53233EC0B1}.VulkanOnWindows_Release|x64.ActiveCfg = Release|x64
		{1981389C-4F24-4E9E-AA06-DE53233EC0B1}.VulkanOnWindows_Release|x64.Build.0 = Release|x64
		{AD898D82-BD6A-4B90-8081-F1F3188AA982}.Debug|x64.ActiveCfg = Debug|x64
		{AD898D82-BD6A-4B90-8081-F1F3188AA982}.DirectX11OnWindows_Debug|x64.ActiveCfg = Debug|x64
		{AD898D82-BD6A-4B90-8081-F1F3188AA982}.DirectX11OnWindows_Debug|x64.Build.0 = Debug|x64
		{AD898D82-BD6A-4B90-8081-F1F3188AA982}.DirectX11OnWindows_Release|x64.ActiveCfg = Release|x64
		{AD898D82-BD6A-4B90-8081-F1F3188AA982}.DirectX11OnWindows_Release|x64.Build.0 = Release|x64
		{AD898D82-BD6A-4B90-8081-F1F3188AA982}.DirectX12OnWindows_Debug|x64.ActiveCfg = Debug|x64
		{AD898D82-BD6A-4B90-8081-F1F3188AA982}.DirectX12OnWindows_Debug|x64.Build.0 = Debug|x64
		{AD898D82-BD6A-4B90-8081-F1F3188AA982}.DirectX12OnWindows_Release|x64.ActiveCfg = Release|x64
		{AD898D82-BD6A-4B90-8081-F1F3188AA982}.DirectX12OnWindows_Release|x64.Build.0 = Release|x64
		{AD898D82-BD6A-4B90-8081-F1F3188AA982}.Release|x64.ActiveCfg = Release|x64
		{AD898D82-BD6A-4B90-8081-F1F3188AA982}.VulkanOnWindows_Debug|x64.ActiveCfg = Debug|x64
		{AD898D82-BD6A-4B90-8081-F1F3188AA982}.VulkanOnWindows_Debug|x64.Build.0 = Debug|x64
		{AD898D82-BD6A-4B90-8081-F1F3188AA982}.VulkanOnWindows_Release|x64.ActiveCfg = Release|x64
		{AD898D82-BD6A-4B90-8081-F1F3188AA982}.VulkanOnWindows_Release|x64.Build.0 = Release|x64
		{1AAADB3B-E353-4754-905D-2F9E7E52EDCC}.Debug|x64.ActiveCfg = Debug|x64
		{1AAADB3B-E353-4754-905D-2F9E7E52EDCC}.DirectX11OnWindows_Debug|x64.ActiveCfg = Debug|x64
		{1AAADB3B-E353-4754-905D-2F9E7E52EDCC}.DirectX11OnWindows_Debug|x64.Build.0 = Debug|x64
		{1AAADB3B-E353-4754-905D-2F9E7E52EDCC}.DirectX11OnWindows_Release|x64.ActiveCfg = Release|x64
		{1AAADB3B-E353-4754-905D-2F9E7E52EDCC}.DirectX11OnWindows_Release|x64.Build.0 = Release|x64
		{1AAADB3B-E353-4754-905D-2F9E7E52EDCC}.DirectX12OnWindows_Debug|x64.ActiveCfg = Debug|x64
		{1AAADB3B-E353-4754-905D-2F9E7E52EDCC}.DirectX12OnWindows_Debug|x64.Build.0 = Debug|x64
		{1AAADB3B-E353-4754-905D-2F9E7E52EDCC}.DirectX12OnWindows_Release|x64.ActiveCfg = Release|x64
		{1AAADB3B-E353-4754-905D-2F9E7E52EDCC}.DirectX12OnWindows_Release|x64.Build.0 = Release|x64
		{1AAADB3B-E353-4754-905D-2F9E7E52EDCC}.Release|x64.ActiveCfg = Release|x64
		{1AAADB3B-E353-4754-905D-2F9E7E52EDCC}.VulkanOnWindows_Debug|x64.ActiveCfg = Debug|x64
		{1AAADB3B-E353-4754-905D-2F9E7E52EDCC}.VulkanOnWindows_Debug|x64.Build.0 = Debug|x64
		{1AAADB3B-E353-4754-905D-2F9E7E52EDCC}.VulkanOnWindows_Release|x64.ActiveCfg = Release|x64
		{1AAADB3B-E353-4754-905D-2F9E7E52EDCC}.VulkanOnWindows_Release|x64.Build.0 = Release|x64
		{880DE39B-FEA1-48FA-8CDE-ACABEC835ED6}.Debug|x64.ActiveCfg = Debug|x64
		{880DE39B-FEA1-48FA-8CDE-ACABEC835ED6}.DirectX11OnWindows_Debug|x64.ActiveCfg = Debug|x64
		{880DE39B-FEA1-48FA-8CDE-ACABEC835ED6}.DirectX11OnWindows_Debug|x64.Build.0 = Debug|x64
		{880DE39B-FEA1-48FA-8CDE-ACABEC835ED6}.DirectX11OnWindows_Release|x64.ActiveCfg = Release|x64
		{880DE39B-FEA1-48FA-8CDE-ACABEC835ED6}.DirectX11OnWindows_Release|x64.Build.0 = Release|x64
		{880DE39B-FEA1-48FA-8CDE-ACABEC835ED6}.DirectX12OnWindows_Debug|x64.ActiveCfg = Debug|x64
		{880DE39B-FEA1-48FA-8CDE-ACABEC835ED6}.DirectX12OnWindows_Debug|x64.Build.0 = Debug|x64
		{880DE39B-FEA1-48FA-8CDE-ACABEC835ED6}.DirectX12OnWindows_Release|x64.ActiveCfg = Release|x64
		{880DE39B-FEA1-48FA-8CDE-ACABEC835ED6}.DirectX12OnWindows_Release|x64.Build.0 = Release|x64
		{880DE39B-FEA1-48FA-8CDE-ACABEC835ED6}.Release|x64.ActiveCfg = Release|x64
		{880DE39B-FEA1-48FA-8CDE-ACABEC835ED6}.VulkanOnWindows_Debug|x64.ActiveCfg = Debug|x64
		{880DE39B-FEA1-48FA-8CDE-ACABEC835ED6}.VulkanOnWindows_Debug|x64.Build.0 = Debug|x64
		{880DE39B-FEA1-48FA-8CDE-ACABEC835ED6}.VulkanOnWindows_Release|x64.ActiveCfg = Release|x64
		{880DE39B-FEA1-48FA-8CDE-ACABEC835ED6}.VulkanOnWindows_Release|x64.Build.0 = Release|x64
		{AE1B2E42-9899-4CF8-9130-7508C3AD97C5}.Debug|x64.ActiveCfg = Debug|x64
		{AE1B2E42-9899-4CF8-9130-7508C3AD97C5}.DirectX11OnWindows_Debug|x64.ActiveCfg = DirectX11OnWindows_Debug|x64
		{AE1B2E42-9899-4CF8-9130-7508C3AD97C5}.DirectX11OnWindows_Debug|x64.Build.0 = DirectX11OnWindows_Debug|x64
		{AE1B2E42-9899-4CF8-9130-7508C3AD97C5}.DirectX11OnWindows_Release|x64.ActiveCfg = DirectX11OnWindows_Release|x64
		{AE1B2E42-9899-4CF8-9130-7508C3AD97C5}.DirectX11OnWindows_Release|x64.Build.0 = DirectX11OnWindows_Release|x64
		{AE1B2E42-9899-4CF8-9130-7508C3AD97C5}.DirectX12OnWindows_Debug|x64.ActiveCfg = DirectX12OnWindows_Debug|x64
		{AE1B2E42-9899-4CF8-9130-7508C3AD97C5}.DirectX12OnWindows_Debug|x64.Build.0 = DirectX12OnWindows_Debug|x64
		{AE1B2E42-9899-4CF8-9130-7508C3AD97C5}.DirectX12OnWindows_Release|x64.ActiveCfg = DirectX12OnWindows_Release|x64
		{AE1B2E42-9899-4CF8-9130-7508C3AD97C5}.DirectX12OnWindows_Release|x64.Build.0 = DirectX12OnWindows_Release|x64
		{AE1B2E42-9899-4CF8-9130-7508C3AD97C5}.Release|x64.ActiveCfg = Release|x64
		{AE1B2E42-9899-4CF8-9130-7508C3AD97C5}.VulkanOnWindows_Debug|x64.ActiveCfg = VulkanOnWindows_Debug|x64
		{AE1B2E42-9899-4CF8-9130-7508C3AD97C5}.VulkanOnWindows_Debug|x64.Build.0 = VulkanOnWindows_Debug|x64
		{AE1B2E42-9899-4CF8-9130-7508C3AD97C5}.VulkanOnWindows_Release|x64.ActiveCfg = VulkanOnWindows_Release|x64
		{AE1B2E42-9899-4CF8-9130-7508C3AD97C5}.VulkanOnWindows_Release|x64.Build.0 = VulkanOnWindows_Release|x64
		{699D58FC-D78C-487E-8AE7-48AD166A4F88}.Debug|x64.ActiveCfg = Debug|x64
		{699D58FC-D78C-487E-8AE7-48AD166A4F88}.Debug|x64.Build.0 = Debug|x64
		{699D58FC-D78C-487E-8AE7-48AD166A4F88}.DirectX11OnWindows_Debug|x64.ActiveCfg = Debug|x64
		{699D58FC-D78C-487E-8AE7-48AD166A4F88}.DirectX11OnWindows_Debug|x64.Build.0 = Debug|x64
		{699D58FC-D78C-487E-8AE7-48AD166A4F88}.DirectX11OnWindows_Release|x64.ActiveCfg = Release|x64
		{699D58FC-D78C-487E-8AE7-48AD166A4F88}.DirectX11OnWindows_Release|x64.Build.0 = Release|x64
		{699D58FC-D78C-487E-8AE7-48AD166A4F88}.DirectX12OnWindows_Debug|x64.ActiveCfg = Debug|x64
		{699D58FC-D78C-487E-8AE7-48AD166A4F88}.DirectX12OnWindows_Debug|x64.Build.0 = Debug|x64
		{699D58FC-D78C-487E-8AE7-48AD166A4F88}.DirectX12OnWindows_Release|x64.ActiveCfg = Release|x64
		{699D58FC-D78C-487E-8AE7-48AD166A4F88}.DirectX12OnWindows_Release|x64.Build.0 = Release|x64
		{699D58FC-D78C-487E-8AE7-48AD166A4F88}.Release|x64.ActiveCfg = Release|x64
		{699D58FC-D78C-487E-8AE7-48AD166A4F88}.Release|x64.Build.0 = Release|x64
		{699D58FC-D78C-487E-8AE7-48AD166A4F88}.VulkanOnWindows_Debug|x64.ActiveCfg = Debug|x64
		{699D58FC-D78C-487E-8AE7-48AD166A4F88}.VulkanOnWindows_Debug|x64.Build.0 = Debug|x64
		{699D58FC-D78C-487E-8AE7-48AD166A4F88}.VulkanOnWindows_Release|x64.ActiveCfg = Release|x64
		{699D58FC-D78C-487E-8AE7-48AD166A4F88}.VulkanOnWindows_Release|x64.Build.0 = Release|x64
	EndGlobalSection
	GlobalSection(SolutionProperties) = preSolution
		HideSolutionNode = FALSE
	EndGlobalSection
	GlobalSection(NestedProjects) = preSolution
		{1E5C018D-53C0-4937-A2C7-6C50D7454B33} = {8CF852BB-C709-49A1-8786-39F74D44EEFF}
		{C6943C66-0016-4141-9F66-D358272F27BF} = {8CF852BB-C709-49A1-8786-39F74D44EEFF}
		{3B070C61-8FE8-497D-8D72-5568849B2437} = {8CF852BB-C709-49A1-8786-39F74D44EEFF}
		{EC72BB92-53EC-4EB9-905E-78FD5B99F8FE} = {8CF852BB-C709-49A1-8786-39F74D44EEFF}
		{4674F1B4-C552-4A2B-8741-4E3207D85740} = {8CF852BB-C709-49A1-8786-39F74D44EEFF}
		{1981389C-4F24-4E9E-AA06-DE53233EC0B1} = {9B29D213-D8C0-443B-9FCD-34CA05FD2CEA}
		{AD898D82-BD6A-4B90-8081-F1F3188AA982} = {9B29D213-D8C0-443B-9FCD-34CA05FD2CEA}
		{1AAADB3B-E353-4754-905D-2F9E7E52EDCC} = {9B29D213-D8C0-443B-9FCD-34CA05FD2CEA}
		{880DE39B-FEA1-48FA-8CDE-ACABEC835ED6} = {9B29D213-D8C0-443B-9FCD-34CA05FD2CEA}
		{699D58FC-D78C-487E-8AE7-48AD166A4F88} = {9B29D213-D8C0-443B-9FCD-34CA05FD2CEA}
	EndGlobalSection
	GlobalSection(ExtensibilityGlobals) = postSolution
		SolutionGuid = {4B3532BC-79FC-457E-99D7-68E63912DE84}
	EndGlobalSection
EndGlobal
