<?xml version="1.0" encoding="utf-8"?>
<Project ToolsVersion="4.0" xmlns="http://schemas.microsoft.com/developer/msbuild/2003">
  <ItemGroup>
    <Filter Include="ソース ファイル">
      <UniqueIdentifier>{4FC737F1-C7A5-4376-A066-2A32D752A2FF}</UniqueIdentifier>
      <Extensions>cpp;c;cc;cxx;def;odl;idl;hpj;bat;asm;asmx</Extensions>
    </Filter>
    <Filter Include="ヘッダー ファイル">
      <UniqueIdentifier>{93995380-89BD-4b04-88EB-625FBE52EBFB}</UniqueIdentifier>
      <Extensions>h;hh;hpp;hxx;hm;inl;inc;ipp;xsd</Extensions>
    </Filter>
    <Filter Include="シェーダーファイル">
      <UniqueIdentifier>{2c5b39b0-80c4-431d-864d-53aa42723102}</UniqueIdentifier>
    </Filter>
    <Filter Include="Scene">
      <UniqueIdentifier>{fbc731f7-cc84-4d6d-a3d9-828bb4b578c5}</UniqueIdentifier>
    </Filter>
    <Filter Include="シェーダーファイル\Tessellation">
      <UniqueIdentifier>{ffdd2062-4b64-4f4c-bd40-26e6c00cd062}</UniqueIdentifier>
    </Filter>
    <Filter Include="シェーダーファイル\MultiRenderTexture">
      <UniqueIdentifier>{be6f7316-5f8d-408c-8f11-773a64c8d68e}</UniqueIdentifier>
    </Filter>
    <Filter Include="シェーダーファイル\GPUParticle">
      <UniqueIdentifier>{f0c8144e-47e7-4970-af39-d9274d91a8ee}</UniqueIdentifier>
    </Filter>
    <Filter Include="シェーダーファイル\Mesh">
      <UniqueIdentifier>{3d1edf08-2024-4dee-901c-7673ccd1c9a9}</UniqueIdentifier>
    </Filter>
    <Filter Include="シェーダーファイル\Deferred">
      <UniqueIdentifier>{d73473ec-887e-40e7-bd0a-e1b61ff7458f}</UniqueIdentifier>
    </Filter>
    <Filter Include="シェーダーファイル\Texture">
      <UniqueIdentifier>{55d44ab3-c161-452c-b631-2e7b2987022a}</UniqueIdentifier>
    </Filter>
    <Filter Include="シェーダーファイル\Option">
      <UniqueIdentifier>{ad1cf31d-9856-457d-9466-37806dfb5798}</UniqueIdentifier>
    </Filter>
    <Filter Include="シェーダーファイル\PostEffect">
      <UniqueIdentifier>{e4362776-a401-4c73-a9e8-d06e5d99e61d}</UniqueIdentifier>
    </Filter>
    <Filter Include="シェーダーファイル\TBDR">
      <UniqueIdentifier>{fcbab651-bd0a-4407-9b07-87030c578cb8}</UniqueIdentifier>
    </Filter>
    <Filter Include="シェーダーファイル\GBufferPass">
      <UniqueIdentifier>{71a30c62-719d-424b-825d-6241bbb6d1a6}</UniqueIdentifier>
    </Filter>
    <Filter Include="シェーダーファイル\Ocean">
      <UniqueIdentifier>{a3cd13b5-6af7-4ee7-9411-662809f90946}</UniqueIdentifier>
    </Filter>
    <Filter Include="シェーダーファイル\Mesh\StaticMesh">
      <UniqueIdentifier>{b69606c4-1688-4016-bd36-b48b304fc711}</UniqueIdentifier>
    </Filter>
    <Filter Include="シェーダーファイル\Mesh\SkinnedMesh">
      <UniqueIdentifier>{ac924044-b160-496d-a4b6-41bc90e58be2}</UniqueIdentifier>
    </Filter>
    <Filter Include="シェーダーファイル\Skybox">
      <UniqueIdentifier>{ba8ec358-40df-4075-8cdc-69f385749f9a}</UniqueIdentifier>
    </Filter>
    <Filter Include="シェーダーファイル\Ocean\Terrain">
      <UniqueIdentifier>{34557065-7a2d-40c9-9ff7-ecde6d7d40b8}</UniqueIdentifier>
    </Filter>
    <Filter Include="シェーダーファイル\Ocean\WaterSurface">
      <UniqueIdentifier>{a2f7edf0-fae8-4be5-862d-cfa5f2dfa9b9}</UniqueIdentifier>
    </Filter>
    <Filter Include="シェーダーファイル\Ocean\StaticMesh">
      <UniqueIdentifier>{f887b4a6-0df5-445a-86a0-e6495588adf0}</UniqueIdentifier>
    </Filter>
    <Filter Include="シェーダーファイル\Ocean\PostProcess">
      <UniqueIdentifier>{120a88f2-2eab-4ddb-b734-01735d747f04}</UniqueIdentifier>
    </Filter>
    <Filter Include="シェーダーファイル\PBR">
      <UniqueIdentifier>{8ea38718-afb2-48dd-bc4c-bee0bd46370d}</UniqueIdentifier>
    </Filter>
  </ItemGroup>
  <ItemGroup>
    <ClCompile Include="Main.cpp">
      <Filter>ソース ファイル</Filter>
    </ClCompile>
    <ClCompile Include="Scene\SceneMultiRenderTexture.cpp">
      <Filter>Scene</Filter>
    </ClCompile>
    <ClCompile Include="Scene\SceneTessellation.cpp">
      <Filter>Scene</Filter>
    </ClCompile>
    <ClCompile Include="Scene\SceneGPUParticle.cpp">
      <Filter>Scene</Filter>
    </ClCompile>
    <ClCompile Include="Scene\SceneSprite.cpp">
      <Filter>Scene</Filter>
    </ClCompile>
    <ClCompile Include="Scene\SceneModel.cpp">
      <Filter>Scene</Filter>
    </ClCompile>
    <ClCompile Include="Scene\SceneDeferred.cpp">
      <Filter>Scene</Filter>
    </ClCompile>
    <ClCompile Include="Scene\ScenePostEffect.cpp">
      <Filter>Scene</Filter>
    </ClCompile>
    <ClCompile Include="Scene\SceneTBDR.cpp">
      <Filter>Scene</Filter>
    </ClCompile>
    <ClCompile Include="Scene\SceneOcean.cpp">
      <Filter>Scene</Filter>
    </ClCompile>
    <ClCompile Include="Scene\ScenePBR.cpp">
      <Filter>Scene</Filter>
    </ClCompile>
  </ItemGroup>
  <ItemGroup>
    <ClInclude Include="Scene\Scene.hpp">
      <Filter>Scene</Filter>
    </ClInclude>
    <ClInclude Include="Scene\SceneMultiRenderTexture.hpp">
      <Filter>Scene</Filter>
    </ClInclude>
    <ClInclude Include="Scene\SceneTessellation.hpp">
      <Filter>Scene</Filter>
    </ClInclude>
    <ClInclude Include="Scene\SceneGPUParticle.hpp">
      <Filter>Scene</Filter>
    </ClInclude>
    <ClInclude Include="Scene\SceneSprite.hpp">
      <Filter>Scene</Filter>
    </ClInclude>
    <ClInclude Include="Scene\SceneModel.hpp">
      <Filter>Scene</Filter>
    </ClInclude>
    <ClInclude Include="Scene\SceneDeferred.hpp">
      <Filter>Scene</Filter>
    </ClInclude>
    <ClInclude Include="Scene\ScenePostEffect.hpp">
      <Filter>Scene</Filter>
    </ClInclude>
    <ClInclude Include="Scene\SceneTBDR.hpp">
      <Filter>Scene</Filter>
    </ClInclude>
    <ClInclude Include="Scene\SceneOcean.hpp">
      <Filter>Scene</Filter>
    </ClInclude>
    <ClInclude Include="Scene\ScenePBR.hpp">
      <Filter>Scene</Filter>
    </ClInclude>
  </ItemGroup>
  <ItemGroup>
    <FxCompile Include="Shader\MultiRenderTexture\MultiRenderTexturePS.hlsl">
      <Filter>シェーダーファイル\MultiRenderTexture</Filter>
    </FxCompile>
    <FxCompile Include="Shader\Tessellation\TessellationHS.hlsl">
      <Filter>シェーダーファイル\Tessellation</Filter>
    </FxCompile>
    <FxCompile Include="Shader\Tessellation\TessellationPS.hlsl">
      <Filter>シェーダーファイル\Tessellation</Filter>
    </FxCompile>
    <FxCompile Include="Shader\Tessellation\TessellationVS.hlsl">
      <Filter>シェーダーファイル\Tessellation</Filter>
    </FxCompile>
    <FxCompile Include="Shader\Tessellation\TessellationDS.hlsl">
      <Filter>シェーダーファイル\Tessellation</Filter>
    </FxCompile>
    <FxCompile Include="Shader\GPUParticle\GPUParticleInitCS.hlsl">
      <Filter>シェーダーファイル\GPUParticle</Filter>
    </FxCompile>
    <FxCompile Include="Shader\GPUParticle\GPUParticleCS.hlsl">
      <Filter>シェーダーファイル\GPUParticle</Filter>
    </FxCompile>
    <FxCompile Include="Shader\GPUParticle\GPUParticleVS.hlsl">
      <Filter>シェーダーファイル\GPUParticle</Filter>
    </FxCompile>
    <FxCompile Include="Shader\GPUParticle\GPUParticlePS.hlsl">
      <Filter>シェーダーファイル\GPUParticle</Filter>
    </FxCompile>
    <FxCompile Include="Shader\GPUParticle\GPUParticleGS.hlsl">
      <Filter>シェーダーファイル\GPUParticle</Filter>
    </FxCompile>
    <FxCompile Include="Shader\Mesh\MeshPS.hlsl">
      <Filter>シェーダーファイル\Mesh</Filter>
    </FxCompile>
    <FxCompile Include="Shader\Deferred\GBufferPassPS.hlsl">
      <Filter>シェーダーファイル\Deferred</Filter>
    </FxCompile>
    <FxCompile Include="Shader\Deferred\LightPassPS.hlsl">
      <Filter>シェーダーファイル\Deferred</Filter>
    </FxCompile>
    <FxCompile Include="Shader\Texture\TexturePS.hlsl">
      <Filter>シェーダーファイル\Texture</Filter>
    </FxCompile>
    <FxCompile Include="Shader\Texture\TextureVS.hlsl">
      <Filter>シェーダーファイル\Texture</Filter>
    </FxCompile>
    <FxCompile Include="Shader\PostEffect\GBufferPassPS.hlsl">
      <Filter>シェーダーファイル\PostEffect</Filter>
    </FxCompile>
    <FxCompile Include="Shader\PostEffect\LightPassPS.hlsl">
      <Filter>シェーダーファイル\PostEffect</Filter>
    </FxCompile>
    <FxCompile Include="Shader\PostEffect\ShadowMapVS.hlsl">
      <Filter>シェーダーファイル\PostEffect</Filter>
    </FxCompile>
    <FxCompile Include="Shader\PostEffect\BloomPS.hlsl">
      <Filter>シェーダーファイル\PostEffect</Filter>
    </FxCompile>
    <FxCompile Include="Shader\PostEffect\GaussianBlurPS.hlsl">
      <Filter>シェーダーファイル\PostEffect</Filter>
    </FxCompile>
    <FxCompile Include="Shader\TBDR\GBufferPassPS.hlsl">
      <Filter>シェーダーファイル\TBDR</Filter>
    </FxCompile>
    <FxCompile Include="Shader\TBDR\LightPassPS.hlsl">
      <Filter>シェーダーファイル\TBDR</Filter>
    </FxCompile>
    <FxCompile Include="Shader\TBDR\ShadowMapVS.hlsl">
      <Filter>シェーダーファイル\TBDR</Filter>
    </FxCompile>
    <FxCompile Include="Shader\TBDR\TileBaseCS.hlsl">
      <Filter>シェーダーファイル\TBDR</Filter>
    </FxCompile>
    <FxCompile Include="Shader\TBDR\PointLightUpdateCS.hlsl">
      <Filter>シェーダーファイル\TBDR</Filter>
    </FxCompile>
    <FxCompile Include="Shader\Option\FullScreenTriangleVS.hlsl">
      <Filter>シェーダーファイル\Option</Filter>
    </FxCompile>
    <FxCompile Include="Shader\GBufferPass\GBufferPassVS.hlsl">
      <Filter>シェーダーファイル\GBufferPass</Filter>
    </FxCompile>
    <FxCompile Include="Shader\Mesh\StaticMesh\StaticMeshVS.hlsl">
      <Filter>シェーダーファイル\Mesh\StaticMesh</Filter>
    </FxCompile>
    <FxCompile Include="Shader\Mesh\SkinnedMesh\SkinnedMeshVS.hlsl">
      <Filter>シェーダーファイル\Mesh\SkinnedMesh</Filter>
    </FxCompile>
    <FxCompile Include="Shader\Skybox\SkyboxPS.hlsl">
      <Filter>シェーダーファイル\Skybox</Filter>
    </FxCompile>
    <FxCompile Include="Shader\Skybox\SkyboxVS.hlsl">
      <Filter>シェーダーファイル\Skybox</Filter>
    </FxCompile>
    <FxCompile Include="Shader\Ocean\LightPassPS.hlsl">
      <Filter>シェーダーファイル\Ocean</Filter>
    </FxCompile>
    <FxCompile Include="Shader\Deferred\ShadowMapVS.hlsl">
      <Filter>シェーダーファイル\Deferred</Filter>
    </FxCompile>
    <FxCompile Include="Shader\Ocean\Terrain\TerrainDS.hlsl">
      <Filter>シェーダーファイル\Ocean\Terrain</Filter>
    </FxCompile>
    <FxCompile Include="Shader\Ocean\Terrain\TerrainHS.hlsl">
      <Filter>シェーダーファイル\Ocean\Terrain</Filter>
    </FxCompile>
    <FxCompile Include="Shader\Ocean\Terrain\TerrainPS.hlsl">
      <Filter>シェーダーファイル\Ocean\Terrain</Filter>
    </FxCompile>
    <FxCompile Include="Shader\Ocean\Terrain\TerrainVS.hlsl">
      <Filter>シェーダーファイル\Ocean\Terrain</Filter>
    </FxCompile>
    <FxCompile Include="Shader\Ocean\WaterSurface\WaterSurfaceDS.hlsl">
      <Filter>シェーダーファイル\Ocean\WaterSurface</Filter>
    </FxCompile>
    <FxCompile Include="Shader\Ocean\WaterSurface\WaterSurfaceHS.hlsl">
      <Filter>シェーダーファイル\Ocean\WaterSurface</Filter>
    </FxCompile>
    <FxCompile Include="Shader\Ocean\WaterSurface\WaterSurfacePS.hlsl">
      <Filter>シェーダーファイル\Ocean\WaterSurface</Filter>
    </FxCompile>
    <FxCompile Include="Shader\Ocean\WaterSurface\WaterSurfaceVS.hlsl">
      <Filter>シェーダーファイル\Ocean\WaterSurface</Filter>
    </FxCompile>
    <FxCompile Include="Shader\Ocean\Terrain\TerrainUpdateCS.hlsl">
      <Filter>シェーダーファイル\Ocean\Terrain</Filter>
    </FxCompile>
    <FxCompile Include="Shader\Ocean\Terrain\TerrainHeightMapUpdateCS.hlsl">
      <Filter>シェーダーファイル\Ocean\Terrain</Filter>
    </FxCompile>
    <FxCompile Include="Shader\Ocean\Terrain\TerrainNormalMapUpdateCS.hlsl">
      <Filter>シェーダーファイル\Ocean\Terrain</Filter>
    </FxCompile>
    <FxCompile Include="Shader\Ocean\StaticMesh\StaticMeshPS.hlsl">
      <Filter>シェーダーファイル\Ocean\StaticMesh</Filter>
    </FxCompile>
    <FxCompile Include="Shader\Ocean\StaticMesh\StaticMeshVS.hlsl">
      <Filter>シェーダーファイル\Ocean\StaticMesh</Filter>
    </FxCompile>
    <FxCompile Include="Shader\Ocean\PostProcess\ScreenSpaceReflectionPS.hlsl">
      <Filter>シェーダーファイル\Ocean\PostProcess</Filter>
    </FxCompile>
    <FxCompile Include="Shader\Ocean\PostProcess\ScreenSpaceRefractionPS.hlsl">
      <Filter>シェーダーファイル\Ocean\PostProcess</Filter>
    </FxCompile>
    <FxCompile Include="Shader\Ocean\PostProcess\DepthOfFieldPS.hlsl">
      <Filter>シェーダーファイル\Ocean\PostProcess</Filter>
    </FxCompile>
    <FxCompile Include="Shader\PBR\PBRPS.hlsl">
      <Filter>シェーダーファイル\PBR</Filter>
    </FxCompile>
    <FxCompile Include="Shader\PBR\PBRVS.hlsl">
      <Filter>シェーダーファイル\PBR</Filter>
    </FxCompile>
  </ItemGroup>
  <ItemGroup>
    <None Include="Shader\Tessellation\Tessellation.hlsli">
      <Filter>シェーダーファイル\Tessellation</Filter>
    </None>
    <None Include="Shader\GPUParticle\GPUParticle.hlsli">
      <Filter>シェーダーファイル\GPUParticle</Filter>
    </None>
    <None Include="Shader\Mesh\Mesh.hlsli">
      <Filter>シェーダーファイル\Mesh</Filter>
    </None>
    <None Include="Shader\Texture\Texture.hlsli">
      <Filter>シェーダーファイル\Texture</Filter>
    </None>
    <None Include="Shader\Option\Light.hlsli">
      <Filter>シェーダーファイル\Option</Filter>
    </None>
    <None Include="Shader\Option\GaussianBlur.hlsli">
      <Filter>シェーダーファイル\Option</Filter>
    </None>
    <None Include="Shader\TBDR\PointLight.hlsli">
      <Filter>シェーダーファイル\TBDR</Filter>
    </None>
    <None Include="Shader\GBufferPass\GBufferPass.hlsli">
      <Filter>シェーダーファイル\GBufferPass</Filter>
    </None>
    <None Include="Shader\Mesh\StaticMesh\StaticMesh.hlsli">
      <Filter>シェーダーファイル\Mesh\StaticMesh</Filter>
    </None>
    <None Include="Shader\Mesh\SkinnedMesh\SkinnedMesh.hlsli">
      <Filter>シェーダーファイル\Mesh\SkinnedMesh</Filter>
    </None>
    <None Include="Shader\Ocean\Tessellation.hlsli">
      <Filter>シェーダーファイル\Ocean</Filter>
    </None>
    <None Include="Shader\Skybox\Skybox.hlsli">
      <Filter>シェーダーファイル\Skybox</Filter>
    </None>
    <None Include="Shader\Ocean\Terrain\Terrain.hlsli">
      <Filter>シェーダーファイル\Ocean\Terrain</Filter>
    </None>
    <None Include="Shader\Ocean\WaterSurface\WaterSurface.hlsli">
      <Filter>シェーダーファイル\Ocean\WaterSurface</Filter>
    </None>
    <None Include="Shader\Ocean\Deferred.hlsli">
      <Filter>シェーダーファイル\Ocean</Filter>
    </None>
    <None Include="Shader\Ocean\StaticMesh\StaticMesh.hlsli">
      <Filter>シェーダーファイル\Ocean\StaticMesh</Filter>
    </None>
    <None Include="Shader\Ocean\ConstantBuffers.hlsli">
      <Filter>シェーダーファイル\Ocean</Filter>
    </None>
    <None Include="Shader\Ocean\PostProcess.hlsli">
      <Filter>シェーダーファイル\Ocean</Filter>
    </None>
    <None Include="Shader\Ocean\Shadow.hlsli">
      <Filter>シェーダーファイル\Ocean</Filter>
    </None>
    <None Include="Shader\Ocean\PostProcess\ScreenSpaceRayMarch.hlsli">
      <Filter>シェーダーファイル\Ocean\PostProcess</Filter>
    </None>
    <None Include="Shader\PBR\PBR.hlsli">
      <Filter>シェーダーファイル\PBR</Filter>
    </None>
  </ItemGroup>
</Project>