<?xml version="1.0" encoding="utf-8"?>
<Project ToolsVersion="4.0" xmlns="http://schemas.microsoft.com/developer/msbuild/2003">
  <ItemGroup>
    <Filter Include="ソース ファイル">
      <UniqueIdentifier>{4FC737F1-C7A5-4376-A066-2A32D752A2FF}</UniqueIdentifier>
      <Extensions>cpp;c;cc;cxx;def;odl;idl;hpj;bat;asm;asmx</Extensions>
    </Filter>
    <Filter Include="ヘッダー ファイル">
      <UniqueIdentifier>{93995380-89BD-4b04-88EB-625FBE52EBFB}</UniqueIdentifier>
      <Extensions>h;hh;hpp;hxx;hm;inl;inc;ipp;xsd</Extensions>
    </Filter>
    <Filter Include="シェーダーファイル">
      <UniqueIdentifier>{2c5b39b0-80c4-431d-864d-53aa42723102}</UniqueIdentifier>
    </Filter>
    <Filter Include="Scene">
      <UniqueIdentifier>{fbc731f7-cc84-4d6d-a3d9-828bb4b578c5}</UniqueIdentifier>
    </Filter>
    <Filter Include="シェーダーファイル\Tessellation">
      <UniqueIdentifier>{ffdd2062-4b64-4f4c-bd40-26e6c00cd062}</UniqueIdentifier>
    </Filter>
    <Filter Include="シェーダーファイル\MultiRenderTexture">
      <UniqueIdentifier>{be6f7316-5f8d-408c-8f11-773a64c8d68e}</UniqueIdentifier>
    </Filter>
    <Filter Include="シェーダーファイル\StaticMesh">
      <UniqueIdentifier>{b0fb5ff3-7b22-4250-8200-cb2dd52c593f}</UniqueIdentifier>
    </Filter>
  </ItemGroup>
  <ItemGroup>
    <ClCompile Include="Main.cpp">
      <Filter>ソース ファイル</Filter>
    </ClCompile>
    <ClCompile Include="Scene\SceneMultiRenderTexture.cpp">
      <Filter>Scene</Filter>
    </ClCompile>
    <ClCompile Include="Scene\SceneTessellation.cpp">
      <Filter>Scene</Filter>
    </ClCompile>
  </ItemGroup>
  <ItemGroup>
    <ClInclude Include="Scene\Scene.hpp">
      <Filter>Scene</Filter>
    </ClInclude>
    <ClInclude Include="Scene\SceneMultiRenderTexture.hpp">
      <Filter>Scene</Filter>
    </ClInclude>
    <ClInclude Include="Scene\SceneTessellation.hpp">
      <Filter>Scene</Filter>
    </ClInclude>
  </ItemGroup>
  <ItemGroup>
    <FxCompile Include="Shader\MultiRenderTexture\MultiRenderTexturePS.hlsl">
      <Filter>シェーダーファイル\MultiRenderTexture</Filter>
    </FxCompile>
    <FxCompile Include="Shader\MultiRenderTexture\MultiRenderTextureVS.hlsl">
      <Filter>シェーダーファイル\MultiRenderTexture</Filter>
    </FxCompile>
    <FxCompile Include="Shader\StaticMesh\StaticMeshPS.hlsl">
      <Filter>シェーダーファイル\StaticMesh</Filter>
    </FxCompile>
    <FxCompile Include="Shader\StaticMesh\StaticMeshVS.hlsl">
      <Filter>シェーダーファイル\StaticMesh</Filter>
    </FxCompile>
    <FxCompile Include="Shader\Tessellation\TessellationHS.hlsl">
      <Filter>シェーダーファイル\Tessellation</Filter>
    </FxCompile>
    <FxCompile Include="Shader\Tessellation\TessellationPS.hlsl">
      <Filter>シェーダーファイル\Tessellation</Filter>
    </FxCompile>
    <FxCompile Include="Shader\Tessellation\TessellationVS.hlsl">
      <Filter>シェーダーファイル\Tessellation</Filter>
    </FxCompile>
    <FxCompile Include="Shader\Tessellation\TessellationDS.hlsl">
      <Filter>シェーダーファイル\Tessellation</Filter>
    </FxCompile>
  </ItemGroup>
  <ItemGroup>
    <None Include="Shader\MultiRenderTexture\MultiRenderTexture.hlsli">
      <Filter>シェーダーファイル\MultiRenderTexture</Filter>
    </None>
    <None Include="Shader\StaticMesh\StaticMesh.hlsli">
      <Filter>シェーダーファイル\StaticMesh</Filter>
    </None>
    <None Include="Shader\Tessellation\Tessellation.hlsli">
      <Filter>シェーダーファイル\Tessellation</Filter>
    </None>
  </ItemGroup>
</Project>