<?xml version="1.0" encoding="utf-8"?>
<Project ToolsVersion="4.0" xmlns="http://schemas.microsoft.com/developer/msbuild/2003">
  <ItemGroup>
    <Filter Include="ソース ファイル">
      <UniqueIdentifier>{4FC737F1-C7A5-4376-A066-2A32D752A2FF}</UniqueIdentifier>
      <Extensions>cpp;c;cc;cxx;def;odl;idl;hpj;bat;asm;asmx</Extensions>
    </Filter>
    <Filter Include="ヘッダー ファイル">
      <UniqueIdentifier>{93995380-89BD-4b04-88EB-625FBE52EBFB}</UniqueIdentifier>
      <Extensions>h;hh;hpp;hxx;hm;inl;inc;ipp;xsd</Extensions>
    </Filter>
    <Filter Include="シェーダーファイル">
      <UniqueIdentifier>{2c5b39b0-80c4-431d-864d-53aa42723102}</UniqueIdentifier>
    </Filter>
    <Filter Include="Scene">
      <UniqueIdentifier>{fbc731f7-cc84-4d6d-a3d9-828bb4b578c5}</UniqueIdentifier>
    </Filter>
    <Filter Include="シェーダーファイル\Tessellation">
      <UniqueIdentifier>{ffdd2062-4b64-4f4c-bd40-26e6c00cd062}</UniqueIdentifier>
    </Filter>
    <Filter Include="シェーダーファイル\MultiRenderTexture">
      <UniqueIdentifier>{be6f7316-5f8d-408c-8f11-773a64c8d68e}</UniqueIdentifier>
    </Filter>
    <Filter Include="シェーダーファイル\GPUParticle">
      <UniqueIdentifier>{f0c8144e-47e7-4970-af39-d9274d91a8ee}</UniqueIdentifier>
    </Filter>
    <Filter Include="シェーダーファイル\Mesh">
      <UniqueIdentifier>{3d1edf08-2024-4dee-901c-7673ccd1c9a9}</UniqueIdentifier>
    </Filter>
    <Filter Include="シェーダーファイル\Deferred">
      <UniqueIdentifier>{d73473ec-887e-40e7-bd0a-e1b61ff7458f}</UniqueIdentifier>
    </Filter>
  </ItemGroup>
  <ItemGroup>
    <ClCompile Include="Main.cpp">
      <Filter>ソース ファイル</Filter>
    </ClCompile>
    <ClCompile Include="Scene\SceneMultiRenderTexture.cpp">
      <Filter>Scene</Filter>
    </ClCompile>
    <ClCompile Include="Scene\SceneTessellation.cpp">
      <Filter>Scene</Filter>
    </ClCompile>
    <ClCompile Include="Scene\SceneGPUParticle.cpp">
      <Filter>Scene</Filter>
    </ClCompile>
    <ClCompile Include="Scene\SceneSprite.cpp">
      <Filter>Scene</Filter>
    </ClCompile>
    <ClCompile Include="Scene\SceneModel.cpp">
      <Filter>Scene</Filter>
    </ClCompile>
    <ClCompile Include="Scene\SceneDeferred.cpp">
      <Filter>Scene</Filter>
    </ClCompile>
  </ItemGroup>
  <ItemGroup>
    <ClInclude Include="Scene\Scene.hpp">
      <Filter>Scene</Filter>
    </ClInclude>
    <ClInclude Include="Scene\SceneMultiRenderTexture.hpp">
      <Filter>Scene</Filter>
    </ClInclude>
    <ClInclude Include="Scene\SceneTessellation.hpp">
      <Filter>Scene</Filter>
    </ClInclude>
    <ClInclude Include="Scene\SceneGPUParticle.hpp">
      <Filter>Scene</Filter>
    </ClInclude>
    <ClInclude Include="Scene\SceneSprite.hpp">
      <Filter>Scene</Filter>
    </ClInclude>
    <ClInclude Include="Scene\SceneModel.hpp">
      <Filter>Scene</Filter>
    </ClInclude>
    <ClInclude Include="Scene\SceneDeferred.hpp">
      <Filter>Scene</Filter>
    </ClInclude>
  </ItemGroup>
  <ItemGroup>
    <FxCompile Include="Shader\MultiRenderTexture\MultiRenderTexturePS.hlsl">
      <Filter>シェーダーファイル\MultiRenderTexture</Filter>
    </FxCompile>
    <FxCompile Include="Shader\MultiRenderTexture\MultiRenderTextureVS.hlsl">
      <Filter>シェーダーファイル\MultiRenderTexture</Filter>
    </FxCompile>
    <FxCompile Include="Shader\Tessellation\TessellationHS.hlsl">
      <Filter>シェーダーファイル\Tessellation</Filter>
    </FxCompile>
    <FxCompile Include="Shader\Tessellation\TessellationPS.hlsl">
      <Filter>シェーダーファイル\Tessellation</Filter>
    </FxCompile>
    <FxCompile Include="Shader\Tessellation\TessellationVS.hlsl">
      <Filter>シェーダーファイル\Tessellation</Filter>
    </FxCompile>
    <FxCompile Include="Shader\Tessellation\TessellationDS.hlsl">
      <Filter>シェーダーファイル\Tessellation</Filter>
    </FxCompile>
    <FxCompile Include="Shader\GPUParticle\GPUParticleInitCS.hlsl">
      <Filter>シェーダーファイル\GPUParticle</Filter>
    </FxCompile>
    <FxCompile Include="Shader\GPUParticle\GPUParticleCS.hlsl">
      <Filter>シェーダーファイル\GPUParticle</Filter>
    </FxCompile>
    <FxCompile Include="Shader\GPUParticle\GPUParticleVS.hlsl">
      <Filter>シェーダーファイル\GPUParticle</Filter>
    </FxCompile>
    <FxCompile Include="Shader\GPUParticle\GPUParticlePS.hlsl">
      <Filter>シェーダーファイル\GPUParticle</Filter>
    </FxCompile>
    <FxCompile Include="Shader\GPUParticle\GPUParticleGS.hlsl">
      <Filter>シェーダーファイル\GPUParticle</Filter>
    </FxCompile>
    <FxCompile Include="Shader\Mesh\MeshPS.hlsl">
      <Filter>シェーダーファイル\Mesh</Filter>
    </FxCompile>
    <FxCompile Include="Shader\Mesh\MeshVS.hlsl">
      <Filter>シェーダーファイル\Mesh</Filter>
    </FxCompile>
    <FxCompile Include="Shader\Deferred\GBufferPassPS.hlsl">
      <Filter>シェーダーファイル\Deferred</Filter>
    </FxCompile>
    <FxCompile Include="Shader\Deferred\GBufferPassVS.hlsl">
      <Filter>シェーダーファイル\Deferred</Filter>
    </FxCompile>
  </ItemGroup>
  <ItemGroup>
    <None Include="Shader\MultiRenderTexture\MultiRenderTexture.hlsli">
      <Filter>シェーダーファイル\MultiRenderTexture</Filter>
    </None>
    <None Include="Shader\Tessellation\Tessellation.hlsli">
      <Filter>シェーダーファイル\Tessellation</Filter>
    </None>
    <None Include="Shader\GPUParticle\GPUParticle.hlsli">
      <Filter>シェーダーファイル\GPUParticle</Filter>
    </None>
    <None Include="Shader\Mesh\Mesh.hlsli">
      <Filter>シェーダーファイル\Mesh</Filter>
    </None>
    <None Include="Shader\Deferred\GBufferPass.hlsli">
      <Filter>シェーダーファイル\Deferred</Filter>
    </None>
  </ItemGroup>
</Project>