<?xml version="1.0" encoding="utf-8"?>
<Project ToolsVersion="4.0" xmlns="http://schemas.microsoft.com/developer/msbuild/2003">
  <ItemGroup>
    <Filter Include="Src">
      <UniqueIdentifier>{9b4cc670-8e41-4619-bbda-10529896c1b8}</UniqueIdentifier>
    </Filter>
    <Filter Include="Src\Input">
      <UniqueIdentifier>{45fff441-60ba-48dd-8bd7-db568c7f2394}</UniqueIdentifier>
    </Filter>
    <Filter Include="Src\Input\Gamepad">
      <UniqueIdentifier>{a312dbc3-69d5-48d3-90d7-1a8d998c92c9}</UniqueIdentifier>
    </Filter>
    <Filter Include="Src\Input\Keyboard">
      <UniqueIdentifier>{2e343543-2b6d-4a09-b694-3c902e8a89f0}</UniqueIdentifier>
    </Filter>
    <Filter Include="Src\Input\Mouse">
      <UniqueIdentifier>{2383053f-c951-4068-88c2-79a44e976e38}</UniqueIdentifier>
    </Filter>
    <Filter Include="Src\Input\XInput">
      <UniqueIdentifier>{7654b49f-542a-4918-8536-6f83295fbcb9}</UniqueIdentifier>
    </Filter>
    <Filter Include="Src\Window">
      <UniqueIdentifier>{feb2d138-2ebf-401b-934a-8bb6c5f1c4b8}</UniqueIdentifier>
    </Filter>
    <Filter Include="Src\SoundManager">
      <UniqueIdentifier>{cfe9e7be-8a87-4d89-9fef-b6a33d91fe3e}</UniqueIdentifier>
    </Filter>
    <Filter Include="Src\Misc">
      <UniqueIdentifier>{44bb1d7f-962f-4c97-b9fc-2dd234869741}</UniqueIdentifier>
    </Filter>
    <Filter Include="Src\TextureManager">
      <UniqueIdentifier>{b2e6fccf-af17-46c1-88d0-9c037d0c6855}</UniqueIdentifier>
    </Filter>
    <Filter Include="Src\TextureManager\TextureLoader">
      <UniqueIdentifier>{08cf594c-2742-408e-8eaa-6d5837974041}</UniqueIdentifier>
    </Filter>
    <Filter Include="Src\ModelManager">
      <UniqueIdentifier>{4108b5ac-dfc6-4274-b6f7-ba74e2471887}</UniqueIdentifier>
    </Filter>
    <Filter Include="Src\ModelManager\ModelLoader">
      <UniqueIdentifier>{c4ea93d6-2b77-451c-8c63-848557512372}</UniqueIdentifier>
    </Filter>
    <Filter Include="Src\GUI">
      <UniqueIdentifier>{f129af27-ffd3-473c-a3df-46b21fd7602f}</UniqueIdentifier>
    </Filter>
    <Filter Include="Src\Main">
      <UniqueIdentifier>{9bb82b6e-486a-4238-9db4-767e917f2c0b}</UniqueIdentifier>
    </Filter>
    <Filter Include="Src\Resource">
      <UniqueIdentifier>{604a2cb7-24dc-42cc-aad1-67ffaa4d6f73}</UniqueIdentifier>
    </Filter>
  </ItemGroup>
  <ItemGroup>
    <ClCompile Include="..\..\Src\vdl\Input\Mouse\Windows\CMouse.cpp">
      <Filter>Src\Input\Mouse</Filter>
    </ClCompile>
    <ClCompile Include="..\..\Src\vdl\Input\Keyboard\Windows\CKeyboard.cpp">
      <Filter>Src\Input\Keyboard</Filter>
    </ClCompile>
    <ClCompile Include="..\..\Src\vdl\Input\XInput\Windows\CXInput.cpp">
      <Filter>Src\Input\XInput</Filter>
    </ClCompile>
    <ClCompile Include="..\..\Src\vdl\Input\Gamepad\Windows\CGamepad.cpp">
      <Filter>Src\Input\Gamepad</Filter>
    </ClCompile>
    <ClCompile Include="..\..\Src\vdl\Window\Windows\CWindow.cpp">
      <Filter>Src\Window</Filter>
    </ClCompile>
    <ClCompile Include="..\..\Src\vdl\SoundManager\Windows\CSoundManager.cpp">
      <Filter>Src\SoundManager</Filter>
    </ClCompile>
    <ClCompile Include="..\..\Src\vdl\TextureManager\Windows\CTextureManager.cpp">
      <Filter>Src\TextureManager</Filter>
    </ClCompile>
    <ClCompile Include="..\..\Src\vdl\TextureManager\Windows\TextureLoader\TextureLoader.cpp">
      <Filter>Src\TextureManager\TextureLoader</Filter>
    </ClCompile>
    <ClCompile Include="..\..\Src\vdl\ModelManager\Windows\CModelManager.cpp">
      <Filter>Src\ModelManager</Filter>
    </ClCompile>
    <ClCompile Include="..\..\Src\vdl\ModelManager\Windows\ModelLoader\FBXLoader.cpp">
      <Filter>Src\ModelManager\ModelLoader</Filter>
    </ClCompile>
    <ClCompile Include="..\..\Src\vdl\ModelManager\Windows\ModelLoader\glTFLoader.cpp">
      <Filter>Src\ModelManager\ModelLoader</Filter>
    </ClCompile>
    <ClCompile Include="..\..\Src\vdl\GUI\Windows\CGUI.cpp">
      <Filter>Src\GUI</Filter>
    </ClCompile>
    <ClCompile Include="..\..\Src\vdl\Main\Windows\WinMain.cpp">
      <Filter>Src\Main</Filter>
    </ClCompile>
  </ItemGroup>
  <ItemGroup>
    <ClInclude Include="..\..\Src\vdl\Input\Gamepad\Windows\CGamepad.hpp">
      <Filter>Src\Input\Gamepad</Filter>
    </ClInclude>
    <ClInclude Include="..\..\Src\vdl\Input\Keyboard\Windows\CKeyboard.hpp">
      <Filter>Src\Input\Keyboard</Filter>
    </ClInclude>
    <ClInclude Include="..\..\Src\vdl\Input\Mouse\Windows\CMouse.hpp">
      <Filter>Src\Input\Mouse</Filter>
    </ClInclude>
    <ClInclude Include="..\..\Src\vdl\Input\XInput\Windows\CXInput.hpp">
      <Filter>Src\Input\XInput</Filter>
    </ClInclude>
    <ClInclude Include="..\..\Src\vdl\SoundManager\Windows\CSoundManager.hpp">
      <Filter>Src\SoundManager</Filter>
    </ClInclude>
    <ClInclude Include="..\..\Src\vdl\Window\Windows\CWindow.hpp">
      <Filter>Src\Window</Filter>
    </ClInclude>
    <ClInclude Include="..\..\Src\vdl\Misc\Windows\Misc.hpp">
      <Filter>Src\Misc</Filter>
    </ClInclude>
    <ClInclude Include="..\..\Src\vdl\TextureManager\Windows\CTextureManager.hpp">
      <Filter>Src\TextureManager</Filter>
    </ClInclude>
    <ClInclude Include="..\..\Src\vdl\TextureManager\Windows\TextureLoader\TextureLoader.hpp">
      <Filter>Src\TextureManager\TextureLoader</Filter>
    </ClInclude>
    <ClInclude Include="..\..\Src\vdl\ModelManager\Windows\CModelManager.hpp">
      <Filter>Src\ModelManager</Filter>
    </ClInclude>
    <ClInclude Include="..\..\Src\vdl\ModelManager\Windows\ModelLoader\FBXLoader.hpp">
      <Filter>Src\ModelManager\ModelLoader</Filter>
    </ClInclude>
    <ClInclude Include="..\..\Src\vdl\ModelManager\Windows\ModelLoader\glTFLoader.hpp">
      <Filter>Src\ModelManager\ModelLoader</Filter>
    </ClInclude>
    <ClInclude Include="..\..\Src\vdl\ModelManager\Windows\ModelLoader\MeshData.hpp">
      <Filter>Src\ModelManager\ModelLoader</Filter>
    </ClInclude>
    <ClInclude Include="..\..\Src\vdl\GUI\Windows\CGUI.hpp">
      <Filter>Src\GUI</Filter>
    </ClInclude>
    <ClInclude Include="..\..\Src\vdl\Resource\Windows\Resource.hpp">
      <Filter>Src\Resource</Filter>
    </ClInclude>
  </ItemGroup>
</Project>