<?xml version="1.0" encoding="utf-8"?>
<Project ToolsVersion="4.0" xmlns="http://schemas.microsoft.com/developer/msbuild/2003">
  <ItemGroup>
    <Filter Include="Src">
      <UniqueIdentifier>{e76a8047-0347-49a5-9a10-ea6db2c55ec0}</UniqueIdentifier>
    </Filter>
    <Filter Include="Src\Renderer">
      <UniqueIdentifier>{3717b3eb-cd84-40b7-b8a5-faecc98a01ee}</UniqueIdentifier>
    </Filter>
    <Filter Include="Src\ShaderManager">
      <UniqueIdentifier>{5b26896c-a865-46e2-815b-ec5c1cbf5932}</UniqueIdentifier>
    </Filter>
    <Filter Include="Src\System">
      <UniqueIdentifier>{e5ec0fc4-3414-4208-b144-2a4242b1a38b}</UniqueIdentifier>
    </Filter>
  </ItemGroup>
  <ItemGroup>
    <ClInclude Include="..\..\Src\vdl\System\CSystem.hpp">
      <Filter>Src\System</Filter>
    </ClInclude>
    <ClInclude Include="..\..\Src\vdl\Renderer\CRenderer.hpp">
      <Filter>Src\Renderer</Filter>
    </ClInclude>
    <ClInclude Include="..\..\Src\vdl\ShaderManager\CShaderManager.hpp">
      <Filter>Src\ShaderManager</Filter>
    </ClInclude>
  </ItemGroup>
  <ItemGroup>
    <ClCompile Include="..\..\Src\vdl\System\CSystem.cpp">
      <Filter>Src\System</Filter>
    </ClCompile>
    <ClCompile Include="..\..\Src\vdl\Renderer\CRenderer.cpp">
      <Filter>Src\Renderer</Filter>
    </ClCompile>
    <ClCompile Include="..\..\Src\vdl\ShaderManager\CShaderManager.cpp">
      <Filter>Src\ShaderManager</Filter>
    </ClCompile>
  </ItemGroup>
</Project>