<?xml version="1.0" encoding="utf-8"?>
<Project ToolsVersion="4.0" xmlns="http://schemas.microsoft.com/developer/msbuild/2003">
  <ItemGroup>
    <Filter Include="Include">
      <UniqueIdentifier>{313902d3-1f28-4c06-a473-d0ff5bccce0e}</UniqueIdentifier>
    </Filter>
    <Filter Include="Src">
      <UniqueIdentifier>{43bab7ee-4942-4867-b865-70b6a1c129e4}</UniqueIdentifier>
    </Filter>
    <Filter Include="Include\vdl">
      <UniqueIdentifier>{c6c0efc3-83ba-440a-bb0e-0c6a61b9df8f}</UniqueIdentifier>
    </Filter>
  </ItemGroup>
  <ItemGroup>
    <ClInclude Include="..\..\Include\vdl\Angle.hpp">
      <Filter>Include\vdl</Filter>
    </ClInclude>
    <ClInclude Include="..\..\Include\vdl\Camera.hpp">
      <Filter>Include\vdl</Filter>
    </ClInclude>
    <ClInclude Include="..\..\Include\vdl\Color.hpp">
      <Filter>Include\vdl</Filter>
    </ClInclude>
    <ClInclude Include="..\..\Include\vdl\Fwd.hpp">
      <Filter>Include\vdl</Filter>
    </ClInclude>
    <ClInclude Include="..\..\Include\vdl\Macro.hpp">
      <Filter>Include\vdl</Filter>
    </ClInclude>
    <ClInclude Include="..\..\Include\vdl\Math.hpp">
      <Filter>Include\vdl</Filter>
    </ClInclude>
    <ClInclude Include="..\..\Include\vdl\MathConstants.hpp">
      <Filter>Include\vdl</Filter>
    </ClInclude>
    <ClInclude Include="..\..\Include\vdl\Matrix.hpp">
      <Filter>Include\vdl</Filter>
    </ClInclude>
    <ClInclude Include="..\..\Include\vdl\Quaternion.hpp">
      <Filter>Include\vdl</Filter>
    </ClInclude>
    <ClInclude Include="..\..\Include\vdl\Singleton.hpp">
      <Filter>Include\vdl</Filter>
    </ClInclude>
    <ClInclude Include="..\..\Include\vdl\Type2.hpp">
      <Filter>Include\vdl</Filter>
    </ClInclude>
    <ClInclude Include="..\..\Include\vdl\Type3.hpp">
      <Filter>Include\vdl</Filter>
    </ClInclude>
    <ClInclude Include="..\..\Include\vdl\Type4.hpp">
      <Filter>Include\vdl</Filter>
    </ClInclude>
    <ClInclude Include="..\..\Include\vdl\Types.hpp">
      <Filter>Include\vdl</Filter>
    </ClInclude>
  </ItemGroup>
</Project>