<?xml version="1.0" encoding="utf-8"?>
<Project ToolsVersion="4.0" xmlns="http://schemas.microsoft.com/developer/msbuild/2003">
  <ItemGroup>
    <Filter Include="Src">
      <UniqueIdentifier>{9b7dc53e-a189-4ef3-be3d-d612cf8c5987}</UniqueIdentifier>
    </Filter>
    <Filter Include="Src\Buffer">
      <UniqueIdentifier>{f3843e09-17b0-41c0-820a-eb50aa2d9537}</UniqueIdentifier>
    </Filter>
    <Filter Include="Src\Device">
      <UniqueIdentifier>{51521a47-198f-40e7-8243-d7e18c3fb748}</UniqueIdentifier>
    </Filter>
    <Filter Include="Src\DeviceContext">
      <UniqueIdentifier>{fe2a2fb8-8a77-4dfc-959d-023ee2de8d12}</UniqueIdentifier>
    </Filter>
    <Filter Include="Src\Shader">
      <UniqueIdentifier>{a30c8f3b-ea62-4538-9b04-9a984f2bd226}</UniqueIdentifier>
    </Filter>
    <Filter Include="Src\Texture">
      <UniqueIdentifier>{cd4831d4-2fb0-4f70-8e00-b01aa03d3e72}</UniqueIdentifier>
    </Filter>
    <Filter Include="Src\Format">
      <UniqueIdentifier>{0e955383-90c0-429e-bde1-cc4fcc80d068}</UniqueIdentifier>
    </Filter>
    <Filter Include="Src\Topology">
      <UniqueIdentifier>{34aa320d-cea2-4ad3-b4a5-10e54f67626e}</UniqueIdentifier>
    </Filter>
    <Filter Include="Src\Scissor">
      <UniqueIdentifier>{2fc6a201-2e89-42f4-ba2e-df1a5d8e3499}</UniqueIdentifier>
    </Filter>
    <Filter Include="Src\Viewport">
      <UniqueIdentifier>{49ab5e31-ec21-46f5-82ce-69148798f9b8}</UniqueIdentifier>
    </Filter>
    <Filter Include="Src\pch">
      <UniqueIdentifier>{28bc0ef1-1032-4c77-af99-e395331756d5}</UniqueIdentifier>
    </Filter>
    <Filter Include="Src\Platform">
      <UniqueIdentifier>{6c65df0a-9876-42ae-a6d0-dd3ad1776cab}</UniqueIdentifier>
    </Filter>
    <Filter Include="Src\DeviceContext\SwapChain">
      <UniqueIdentifier>{fe435fce-f4b4-4a5c-a11d-f5a352aa6ded}</UniqueIdentifier>
    </Filter>
  </ItemGroup>
  <ItemGroup>
    <ClInclude Include="..\..\..\..\vdl\Src\vdl\Buffer\DirectX11\CBuffer.hpp">
      <Filter>Src\Buffer</Filter>
    </ClInclude>
    <ClInclude Include="..\..\..\..\vdl\Src\vdl\Device\DirectX11\CDevice.hpp">
      <Filter>Src\Device</Filter>
    </ClInclude>
    <ClInclude Include="..\..\..\..\vdl\Src\vdl\DeviceContext\DirectX11\CDeviceContext.hpp">
      <Filter>Src\DeviceContext</Filter>
    </ClInclude>
    <ClInclude Include="..\..\..\..\vdl\Src\vdl\Format\DirectX\Format.hpp">
      <Filter>Src\Format</Filter>
    </ClInclude>
    <ClInclude Include="..\..\..\..\vdl\Src\vdl\pch\DirectX11\pch.hpp">
      <Filter>Src\pch</Filter>
    </ClInclude>
    <ClInclude Include="..\..\..\..\vdl\Src\vdl\Scissor\DirectX\Scissor.hpp">
      <Filter>Src\Scissor</Filter>
    </ClInclude>
    <ClInclude Include="..\..\..\..\vdl\Src\vdl\Shader\DirectX11\CShader.hpp">
      <Filter>Src\Shader</Filter>
    </ClInclude>
    <ClInclude Include="..\..\..\..\vdl\Src\vdl\Texture\DirectX11\CTexture.hpp">
      <Filter>Src\Texture</Filter>
    </ClInclude>
    <ClInclude Include="..\..\..\..\vdl\Src\vdl\Topology\DirectX\Topology.hpp">
      <Filter>Src\Topology</Filter>
    </ClInclude>
    <ClInclude Include="..\..\..\..\vdl\Src\vdl\Viewport\DirectX11\Viewport.hpp">
      <Filter>Src\Viewport</Filter>
    </ClInclude>
    <ClInclude Include="..\..\..\..\vdl\Src\vdl\DeviceContext\DirectX11\SwapChain\SwapChain.hpp">
      <Filter>Src\DeviceContext\SwapChain</Filter>
    </ClInclude>
  </ItemGroup>
  <ItemGroup>
    <ClCompile Include="..\..\..\..\vdl\Src\vdl\Device\DirectX11\CDevice.cpp">
      <Filter>Src\Device</Filter>
    </ClCompile>
    <ClCompile Include="..\..\..\..\vdl\Src\vdl\DeviceContext\DirectX11\CDeviceContext.cpp">
      <Filter>Src\DeviceContext</Filter>
    </ClCompile>
    <ClCompile Include="..\..\..\..\vdl\Src\vdl\pch\DirectX11\pch.cpp">
      <Filter>Src\pch</Filter>
    </ClCompile>
    <ClCompile Include="..\..\..\..\vdl\Src\vdl\Texture\DirectX11\CTexture.cpp">
      <Filter>Src\Texture</Filter>
    </ClCompile>
    <ClCompile Include="..\..\..\..\vdl\Src\vdl\Platform\DirectX11\CPlatform.cpp">
      <Filter>Src\Platform</Filter>
    </ClCompile>
    <ClCompile Include="..\..\..\..\vdl\Src\vdl\DeviceContext\DirectX11\SwapChain\SwapChain.cpp">
      <Filter>Src\DeviceContext\SwapChain</Filter>
    </ClCompile>
  </ItemGroup>
</Project>