
Microsoft Visual Studio Solution File, Format Version 12.00
# Visual Studio Version 16
VisualStudioVersion = 16.0.29613.14
MinimumVisualStudioVersion = 10.0.40219.1
Project("{2150E333-8FDC-42A3-9474-1A3956D46DE8}") = "Engine", "Engine", "{B0FD4C88-6F3F-404E-B0B8-BE4C5B6E5D9F}"
EndProject
Project("{2150E333-8FDC-42A3-9474-1A3956D46DE8}") = "ThirdParty", "ThirdParty", "{CC5C8233-2F9D-4535-9938-C7BA4F56E4FB}"
EndProject
Project("{8BC9CEB8-8B4A-11D0-8D11-00A0C91BC942}") = "vdlForLinux", "Project\Engine\vdlForLinux\vdlForLinux.vcxproj", "{1675A691-1AE7-4FAF-AE91-ABADF051B5EA}"
EndProject
Project("{8BC9CEB8-8B4A-11D0-8D11-00A0C91BC942}") = "vdl", "Project\Engine\vdl\vdl.vcxproj", "{45BE4E65-A8F5-4EEF-A95E-5070582B5D64}"
EndProject
Project("{8BC9CEB8-8B4A-11D0-8D11-00A0C91BC942}") = "vdlForVulkan", "Project\Engine\vdlForVulkan\vdlForVulkan.vcxproj", "{A6FB3290-5AB6-42B2-A6A1-FB5D49B7330A}"
EndProject
Project("{8BC9CEB8-8B4A-11D0-8D11-00A0C91BC942}") = "glslang", "Project\ThirdParty\glslang\glslang.vcxproj", "{DA816814-FB8F-492C-AADD-EAA8482EB6EC}"
EndProject
Project("{8BC9CEB8-8B4A-11D0-8D11-00A0C91BC942}") = "ImGui", "Project\ThirdParty\ImGui\ImGui.vcxproj", "{F47A8A39-4858-41F2-BFD0-09EED9A2B9EE}"
EndProject
Project("{8BC9CEB8-8B4A-11D0-8D11-00A0C91BC942}") = "meshoptimizer", "Project\ThirdParty\meshoptimizer\meshoptimizer.vcxproj", "{48268CEE-354F-4FCA-BF98-F097A857B3D7}"
EndProject
Project("{8BC9CEB8-8B4A-11D0-8D11-00A0C91BC942}") = "zstd", "Project\ThirdParty\zstd\zstd.vcxproj", "{7552C5B4-4F67-4177-BC1A-77AC98807C0F}"
EndProject
Global
	GlobalSection(SolutionConfigurationPlatforms) = preSolution
		Debug|ARM = Debug|ARM
		Debug|ARM64 = Debug|ARM64
		Debug|x64 = Debug|x64
		Release|ARM = Release|ARM
		Release|ARM64 = Release|ARM64
		Release|x64 = Release|x64
	EndGlobalSection
	GlobalSection(ProjectConfigurationPlatforms) = postSolution
		{1675A691-1AE7-4FAF-AE91-ABADF051B5EA}.Debug|ARM.ActiveCfg = Debug|ARM
		{1675A691-1AE7-4FAF-AE91-ABADF051B5EA}.Debug|ARM.Build.0 = Debug|ARM
		{1675A691-1AE7-4FAF-AE91-ABADF051B5EA}.Debug|ARM.Deploy.0 = Debug|ARM
		{1675A691-1AE7-4FAF-AE91-ABADF051B5EA}.Debug|ARM64.ActiveCfg = Debug|ARM64
		{1675A691-1AE7-4FAF-AE91-ABADF051B5EA}.Debug|ARM64.Build.0 = Debug|ARM64
		{1675A691-1AE7-4FAF-AE91-ABADF051B5EA}.Debug|ARM64.Deploy.0 = Debug|ARM64
		{1675A691-1AE7-4FAF-AE91-ABADF051B5EA}.Debug|x64.ActiveCfg = Debug|x64
		{1675A691-1AE7-4FAF-AE91-ABADF051B5EA}.Debug|x64.Build.0 = Debug|x64
		{1675A691-1AE7-4FAF-AE91-ABADF051B5EA}.Debug|x64.Deploy.0 = Debug|x64
		{1675A691-1AE7-4FAF-AE91-ABADF051B5EA}.Release|ARM.ActiveCfg = Release|ARM
		{1675A691-1AE7-4FAF-AE91-ABADF051B5EA}.Release|ARM.Build.0 = Release|ARM
		{1675A691-1AE7-4FAF-AE91-ABADF051B5EA}.Release|ARM.Deploy.0 = Release|ARM
		{1675A691-1AE7-4FAF-AE91-ABADF051B5EA}.Release|ARM64.ActiveCfg = Release|ARM64
		{1675A691-1AE7-4FAF-AE91-ABADF051B5EA}.Release|ARM64.Build.0 = Release|ARM64
		{1675A691-1AE7-4FAF-AE91-ABADF051B5EA}.Release|ARM64.Deploy.0 = Release|ARM64
		{1675A691-1AE7-4FAF-AE91-ABADF051B5EA}.Release|x64.ActiveCfg = Release|x64
		{1675A691-1AE7-4FAF-AE91-ABADF051B5EA}.Release|x64.Build.0 = Release|x64
		{1675A691-1AE7-4FAF-AE91-ABADF051B5EA}.Release|x64.Deploy.0 = Release|x64
		{45BE4E65-A8F5-4EEF-A95E-5070582B5D64}.Debug|ARM.ActiveCfg = Debug|ARM
		{45BE4E65-A8F5-4EEF-A95E-5070582B5D64}.Debug|ARM.Build.0 = Debug|ARM
		{45BE4E65-A8F5-4EEF-A95E-5070582B5D64}.Debug|ARM.Deploy.0 = Debug|ARM
		{45BE4E65-A8F5-4EEF-A95E-5070582B5D64}.Debug|ARM64.ActiveCfg = Debug|ARM64
		{45BE4E65-A8F5-4EEF-A95E-5070582B5D64}.Debug|ARM64.Build.0 = Debug|ARM64
		{45BE4E65-A8F5-4EEF-A95E-5070582B5D64}.Debug|ARM64.Deploy.0 = Debug|ARM64
		{45BE4E65-A8F5-4EEF-A95E-5070582B5D64}.Debug|x64.ActiveCfg = Debug|x64
		{45BE4E65-A8F5-4EEF-A95E-5070582B5D64}.Debug|x64.Build.0 = Debug|x64
		{45BE4E65-A8F5-4EEF-A95E-5070582B5D64}.Debug|x64.Deploy.0 = Debug|x64
		{45BE4E65-A8F5-4EEF-A95E-5070582B5D64}.Release|ARM.ActiveCfg = Release|ARM
		{45BE4E65-A8F5-4EEF-A95E-5070582B5D64}.Release|ARM.Build.0 = Release|ARM
		{45BE4E65-A8F5-4EEF-A95E-5070582B5D64}.Release|ARM.Deploy.0 = Release|ARM
		{45BE4E65-A8F5-4EEF-A95E-5070582B5D64}.Release|ARM64.ActiveCfg = Release|ARM64
		{45BE4E65-A8F5-4EEF-A95E-5070582B5D64}.Release|ARM64.Build.0 = Release|ARM64
		{45BE4E65-A8F5-4EEF-A95E-5070582B5D64}.Release|ARM64.Deploy.0 = Release|ARM64
		{45BE4E65-A8F5-4EEF-A95E-5070582B5D64}.Release|x64.ActiveCfg = Release|x64
		{45BE4E65-A8F5-4EEF-A95E-5070582B5D64}.Release|x64.Build.0 = Release|x64
		{45BE4E65-A8F5-4EEF-A95E-5070582B5D64}.Release|x64.Deploy.0 = Release|x64
		{A6FB3290-5AB6-42B2-A6A1-FB5D49B7330A}.Debug|ARM.ActiveCfg = Debug|ARM
		{A6FB3290-5AB6-42B2-A6A1-FB5D49B7330A}.Debug|ARM.Build.0 = Debug|ARM
		{A6FB3290-5AB6-42B2-A6A1-FB5D49B7330A}.Debug|ARM.Deploy.0 = Debug|ARM
		{A6FB3290-5AB6-42B2-A6A1-FB5D49B7330A}.Debug|ARM64.ActiveCfg = Debug|ARM64
		{A6FB3290-5AB6-42B2-A6A1-FB5D49B7330A}.Debug|ARM64.Build.0 = Debug|ARM64
		{A6FB3290-5AB6-42B2-A6A1-FB5D49B7330A}.Debug|ARM64.Deploy.0 = Debug|ARM64
		{A6FB3290-5AB6-42B2-A6A1-FB5D49B7330A}.Debug|x64.ActiveCfg = Debug|x64
		{A6FB3290-5AB6-42B2-A6A1-FB5D49B7330A}.Debug|x64.Build.0 = Debug|x64
		{A6FB3290-5AB6-42B2-A6A1-FB5D49B7330A}.Debug|x64.Deploy.0 = Debug|x64
		{A6FB3290-5AB6-42B2-A6A1-FB5D49B7330A}.Release|ARM.ActiveCfg = Release|ARM
		{A6FB3290-5AB6-42B2-A6A1-FB5D49B7330A}.Release|ARM.Build.0 = Release|ARM
		{A6FB3290-5AB6-42B2-A6A1-FB5D49B7330A}.Release|ARM.Deploy.0 = Release|ARM
		{A6FB3290-5AB6-42B2-A6A1-FB5D49B7330A}.Release|ARM64.ActiveCfg = Release|ARM64
		{A6FB3290-5AB6-42B2-A6A1-FB5D49B7330A}.Release|ARM64.Build.0 = Release|ARM64
		{A6FB3290-5AB6-42B2-A6A1-FB5D49B7330A}.Release|ARM64.Deploy.0 = Release|ARM64
		{A6FB3290-5AB6-42B2-A6A1-FB5D49B7330A}.Release|x64.ActiveCfg = Release|x64
		{A6FB3290-5AB6-42B2-A6A1-FB5D49B7330A}.Release|x64.Build.0 = Release|x64
		{A6FB3290-5AB6-42B2-A6A1-FB5D49B7330A}.Release|x64.Deploy.0 = Release|x64
		{DA816814-FB8F-492C-AADD-EAA8482EB6EC}.Debug|ARM.ActiveCfg = Debug|ARM
		{DA816814-FB8F-492C-AADD-EAA8482EB6EC}.Debug|ARM.Build.0 = Debug|ARM
		{DA816814-FB8F-492C-AADD-EAA8482EB6EC}.Debug|ARM.Deploy.0 = Debug|ARM
		{DA816814-FB8F-492C-AADD-EAA8482EB6EC}.Debug|ARM64.ActiveCfg = Debug|ARM64
		{DA816814-FB8F-492C-AADD-EAA8482EB6EC}.Debug|ARM64.Build.0 = Debug|ARM64
		{DA816814-FB8F-492C-AADD-EAA8482EB6EC}.Debug|ARM64.Deploy.0 = Debug|ARM64
		{DA816814-FB8F-492C-AADD-EAA8482EB6EC}.Debug|x64.ActiveCfg = Debug|x64
		{DA816814-FB8F-492C-AADD-EAA8482EB6EC}.Debug|x64.Build.0 = Debug|x64
		{DA816814-FB8F-492C-AADD-EAA8482EB6EC}.Debug|x64.Deploy.0 = Debug|x64
		{DA816814-FB8F-492C-AADD-EAA8482EB6EC}.Release|ARM.ActiveCfg = Release|ARM
		{DA816814-FB8F-492C-AADD-EAA8482EB6EC}.Release|ARM.Build.0 = Release|ARM
		{DA816814-FB8F-492C-AADD-EAA8482EB6EC}.Release|ARM.Deploy.0 = Release|ARM
		{DA816814-FB8F-492C-AADD-EAA8482EB6EC}.Release|ARM64.ActiveCfg = Release|ARM64
		{DA816814-FB8F-492C-AADD-EAA8482EB6EC}.Release|ARM64.Build.0 = Release|ARM64
		{DA816814-FB8F-492C-AADD-EAA8482EB6EC}.Release|ARM64.Deploy.0 = Release|ARM64
		{DA816814-FB8F-492C-AADD-EAA8482EB6EC}.Release|x64.ActiveCfg = Release|x64
		{DA816814-FB8F-492C-AADD-EAA8482EB6EC}.Release|x64.Build.0 = Release|x64
		{DA816814-FB8F-492C-AADD-EAA8482EB6EC}.Release|x64.Deploy.0 = Release|x64
		{F47A8A39-4858-41F2-BFD0-09EED9A2B9EE}.Debug|ARM.ActiveCfg = Debug|ARM
		{F47A8A39-4858-41F2-BFD0-09EED9A2B9EE}.Debug|ARM.Build.0 = Debug|ARM
		{F47A8A39-4858-41F2-BFD0-09EED9A2B9EE}.Debug|ARM.Deploy.0 = Debug|ARM
		{F47A8A39-4858-41F2-BFD0-09EED9A2B9EE}.Debug|ARM64.ActiveCfg = Debug|ARM64
		{F47A8A39-4858-41F2-BFD0-09EED9A2B9EE}.Debug|ARM64.Build.0 = Debug|ARM64
		{F47A8A39-4858-41F2-BFD0-09EED9A2B9EE}.Debug|ARM64.Deploy.0 = Debug|ARM64
		{F47A8A39-4858-41F2-BFD0-09EED9A2B9EE}.Debug|x64.ActiveCfg = Debug|x64
		{F47A8A39-4858-41F2-BFD0-09EED9A2B9EE}.Debug|x64.Build.0 = Debug|x64
		{F47A8A39-4858-41F2-BFD0-09EED9A2B9EE}.Debug|x64.Deploy.0 = Debug|x64
		{F47A8A39-4858-41F2-BFD0-09EED9A2B9EE}.Release|ARM.ActiveCfg = Release|ARM
		{F47A8A39-4858-41F2-BFD0-09EED9A2B9EE}.Release|ARM.Build.0 = Release|ARM
		{F47A8A39-4858-41F2-BFD0-09EED9A2B9EE}.Release|ARM.Deploy.0 = Release|ARM
		{F47A8A39-4858-41F2-BFD0-09EED9A2B9EE}.Release|ARM64.ActiveCfg = Release|ARM64
		{F47A8A39-4858-41F2-BFD0-09EED9A2B9EE}.Release|ARM64.Build.0 = Release|ARM64
		{F47A8A39-4858-41F2-BFD0-09EED9A2B9EE}.Release|ARM64.Deploy.0 = Release|ARM64
		{F47A8A39-4858-41F2-BFD0-09EED9A2B9EE}.Release|x64.ActiveCfg = Release|x64
		{F47A8A39-4858-41F2-BFD0-09EED9A2B9EE}.Release|x64.Build.0 = Release|x64
		{F47A8A39-4858-41F2-BFD0-09EED9A2B9EE}.Release|x64.Deploy.0 = Release|x64
		{48268CEE-354F-4FCA-BF98-F097A857B3D7}.Debug|ARM.ActiveCfg = Debug|ARM
		{48268CEE-354F-4FCA-BF98-F097A857B3D7}.Debug|ARM.Build.0 = Debug|ARM
		{48268CEE-354F-4FCA-BF98-F097A857B3D7}.Debug|ARM.Deploy.0 = Debug|ARM
		{48268CEE-354F-4FCA-BF98-F097A857B3D7}.Debug|ARM64.ActiveCfg = Debug|ARM64
		{48268CEE-354F-4FCA-BF98-F097A857B3D7}.Debug|ARM64.Build.0 = Debug|ARM64
		{48268CEE-354F-4FCA-BF98-F097A857B3D7}.Debug|ARM64.Deploy.0 = Debug|ARM64
		{48268CEE-354F-4FCA-BF98-F097A857B3D7}.Debug|x64.ActiveCfg = Debug|x64
		{48268CEE-354F-4FCA-BF98-F097A857B3D7}.Debug|x64.Build.0 = Debug|x64
		{48268CEE-354F-4FCA-BF98-F097A857B3D7}.Debug|x64.Deploy.0 = Debug|x64
		{48268CEE-354F-4FCA-BF98-F097A857B3D7}.Release|ARM.ActiveCfg = Release|ARM
		{48268CEE-354F-4FCA-BF98-F097A857B3D7}.Release|ARM.Build.0 = Release|ARM
		{48268CEE-354F-4FCA-BF98-F097A857B3D7}.Release|ARM.Deploy.0 = Release|ARM
		{48268CEE-354F-4FCA-BF98-F097A857B3D7}.Release|ARM64.ActiveCfg = Release|ARM64
		{48268CEE-354F-4FCA-BF98-F097A857B3D7}.Release|ARM64.Build.0 = Release|ARM64
		{48268CEE-354F-4FCA-BF98-F097A857B3D7}.Release|ARM64.Deploy.0 = Release|ARM64
		{48268CEE-354F-4FCA-BF98-F097A857B3D7}.Release|x64.ActiveCfg = Release|x64
		{48268CEE-354F-4FCA-BF98-F097A857B3D7}.Release|x64.Build.0 = Release|x64
		{48268CEE-354F-4FCA-BF98-F097A857B3D7}.Release|x64.Deploy.0 = Release|x64
		{7552C5B4-4F67-4177-BC1A-77AC98807C0F}.Debug|ARM.ActiveCfg = Debug|ARM
		{7552C5B4-4F67-4177-BC1A-77AC98807C0F}.Debug|ARM.Build.0 = Debug|ARM
		{7552C5B4-4F67-4177-BC1A-77AC98807C0F}.Debug|ARM.Deploy.0 = Debug|ARM
		{7552C5B4-4F67-4177-BC1A-77AC98807C0F}.Debug|ARM64.ActiveCfg = Debug|ARM64
		{7552C5B4-4F67-4177-BC1A-77AC98807C0F}.Debug|ARM64.Build.0 = Debug|ARM64
		{7552C5B4-4F67-4177-BC1A-77AC98807C0F}.Debug|ARM64.Deploy.0 = Debug|ARM64
		{7552C5B4-4F67-4177-BC1A-77AC98807C0F}.Debug|x64.ActiveCfg = Debug|x64
		{7552C5B4-4F67-4177-BC1A-77AC98807C0F}.Debug|x64.Build.0 = Debug|x64
		{7552C5B4-4F67-4177-BC1A-77AC98807C0F}.Debug|x64.Deploy.0 = Debug|x64
		{7552C5B4-4F67-4177-BC1A-77AC98807C0F}.Release|ARM.ActiveCfg = Release|ARM
		{7552C5B4-4F67-4177-BC1A-77AC98807C0F}.Release|ARM.Build.0 = Release|ARM
		{7552C5B4-4F67-4177-BC1A-77AC98807C0F}.Release|ARM.Deploy.0 = Release|ARM
		{7552C5B4-4F67-4177-BC1A-77AC98807C0F}.Release|ARM64.ActiveCfg = Release|ARM64
		{7552C5B4-4F67-4177-BC1A-77AC98807C0F}.Release|ARM64.Build.0 = Release|ARM64
		{7552C5B4-4F67-4177-BC1A-77AC98807C0F}.Release|ARM64.Deploy.0 = Release|ARM64
		{7552C5B4-4F67-4177-BC1A-77AC98807C0F}.Release|x64.ActiveCfg = Release|x64
		{7552C5B4-4F67-4177-BC1A-77AC98807C0F}.Release|x64.Build.0 = Release|x64
		{7552C5B4-4F67-4177-BC1A-77AC98807C0F}.Release|x64.Deploy.0 = Release|x64
	EndGlobalSection
	GlobalSection(SolutionProperties) = preSolution
		HideSolutionNode = FALSE
	EndGlobalSection
	GlobalSection(NestedProjects) = preSolution
		{1675A691-1AE7-4FAF-AE91-ABADF051B5EA} = {B0FD4C88-6F3F-404E-B0B8-BE4C5B6E5D9F}
		{45BE4E65-A8F5-4EEF-A95E-5070582B5D64} = {B0FD4C88-6F3F-404E-B0B8-BE4C5B6E5D9F}
		{A6FB3290-5AB6-42B2-A6A1-FB5D49B7330A} = {B0FD4C88-6F3F-404E-B0B8-BE4C5B6E5D9F}
		{DA816814-FB8F-492C-AADD-EAA8482EB6EC} = {CC5C8233-2F9D-4535-9938-C7BA4F56E4FB}
		{F47A8A39-4858-41F2-BFD0-09EED9A2B9EE} = {CC5C8233-2F9D-4535-9938-C7BA4F56E4FB}
		{48268CEE-354F-4FCA-BF98-F097A857B3D7} = {CC5C8233-2F9D-4535-9938-C7BA4F56E4FB}
		{7552C5B4-4F67-4177-BC1A-77AC98807C0F} = {CC5C8233-2F9D-4535-9938-C7BA4F56E4FB}
	EndGlobalSection
	GlobalSection(ExtensibilityGlobals) = postSolution
		SolutionGuid = {97C0E285-E7C0-4219-845B-160B796E9A7E}
	EndGlobalSection
EndGlobal
